Microsoft Visual Studio Solution File, Format Version 11.00
# Visual Studio 2008

Project("{764624AB-22A2-73A5-36FD-85925518F9A2}") = "Exercise 2", "Assembly-CSharp.csproj", "{A785F4E7-6281-B360-BBEF-79357451AB7A}"
EndProject
Global
	GlobalSection(SolutionConfigurationPlatforms) = preSolution
		Debug|Any CPU = Debug|Any CPU
		Release|Any CPU = Release|Any CPU
	EndGlobalSection
	GlobalSection(ProjectConfigurationPlatforms) = postSolution
		{A785F4E7-6281-B360-BBEF-79357451AB7A}.Debug|Any CPU.ActiveCfg = Debug|Any CPU
		{A785F4E7-6281-B360-BBEF-79357451AB7A}.Debug|Any CPU.Build.0 = Debug|Any CPU
		{A785F4E7-6281-B360-BBEF-79357451AB7A}.Release|Any CPU.ActiveCfg = Release|Any CPU
		{A785F4E7-6281-B360-BBEF-79357451AB7A}.Release|Any CPU.Build.0 = Release|Any CPU
	EndGlobalSection
	GlobalSection(SolutionProperties) = preSolution
		HideSolutionNode = FALSE
	EndGlobalSection
	GlobalSection(MonoDevelopProperties) = preSolution
		StartupItem = Assembly-CSharp.csproj
	EndGlobalSection
EndGlobal
